
Microsoft Visual Studio Solution File, Format Version 12.00
# Visual Studio Version 17
VisualStudioVersion = 17.6.33723.286
MinimumVisualStudioVersion = 10.0.40219.1
Project("{FAE04EC0-301F-11D3-BF4B-00C04F79EFBC}") = "ChallengeApp", "ChallengeApp\ChallengeApp.csproj", "{C0ED0630-7214-4093-BA6C-D1706A6C071C}"
EndProject
Global
	GlobalSection(SolutionConfigurationPlatforms) = preSolution
		Debug|Any CPU = Debug|Any CPU
		Release|Any CPU = Release|Any CPU
	EndGlobalSection
	GlobalSection(ProjectConfigurationPlatforms) = postSolution
		{C0ED0630-7214-4093-BA6C-D1706A6C071C}.Debug|Any CPU.ActiveCfg = Debug|Any CPU
		{C0ED0630-7214-4093-BA6C-D1706A6C071C}.Debug|Any CPU.Build.0 = Debug|Any CPU
		{C0ED0630-7214-4093-BA6C-D1706A6C071C}.Release|Any CPU.ActiveCfg = Release|Any CPU
		{C0ED0630-7214-4093-BA6C-D1706A6C071C}.Release|Any CPU.Build.0 = Release|Any CPU
	EndGlobalSection
	GlobalSection(SolutionProperties) = preSolution
		HideSolutionNode = FALSE
	EndGlobalSection
	GlobalSection(ExtensibilityGlobals) = postSolution
		SolutionGuid = {C130D52B-BF19-42CB-AB35-B82D20D6BDC9}
	EndGlobalSection
EndGlobal
